
Microsoft Visual Studio Solution File, Format Version 12.00
# Visual Studio Version 17
VisualStudioVersion = 17.0.31919.166
MinimumVisualStudioVersion = 10.0.40219.1
Project("{FAE04EC0-301F-11D3-BF4B-00C04F79EFBC}") = "WindowsFormsApp1", "WindowsFormsApp1.csproj", "{F7FC2F0D-33AB-440A-9E7C-91ACD9DA6CAC}"
EndProject
Global
	GlobalSection(SolutionConfigurationPlatforms) = preSolution
		Debug|Any CPU = Debug|Any CPU
		Release|Any CPU = Release|Any CPU
	EndGlobalSection
	GlobalSection(ProjectConfigurationPlatforms) = postSolution
		{F7FC2F0D-33AB-440A-9E7C-91ACD9DA6CAC}.Debug|Any CPU.ActiveCfg = Debug|Any CPU
		{F7FC2F0D-33AB-440A-9E7C-91ACD9DA6CAC}.Debug|Any CPU.Build.0 = Debug|Any CPU
		{F7FC2F0D-33AB-440A-9E7C-91ACD9DA6CAC}.Release|Any CPU.ActiveCfg = Release|Any CPU
		{F7FC2F0D-33AB-440A-9E7C-91ACD9DA6CAC}.Release|Any CPU.Build.0 = Release|Any CPU
	EndGlobalSection
	GlobalSection(SolutionProperties) = preSolution
		HideSolutionNode = FALSE
	EndGlobalSection
	GlobalSection(ExtensibilityGlobals) = postSolution
		SolutionGuid = {04747937-CC4A-4468-A9A3-9DD3FA824673}
	EndGlobalSection
EndGlobal
