
Microsoft Visual Studio Solution File, Format Version 12.00
# Visual Studio Version 17
VisualStudioVersion = 17.0.31919.166
MinimumVisualStudioVersion = 10.0.40219.1
Project("{FAE04EC0-301F-11D3-BF4B-00C04F79EFBC}") = "WindowsFormsApp1", "WindowsFormsApp1.csproj", "{EAC9CD79-F538-4E5D-874A-8BF5117F484A}"
EndProject
Global
	GlobalSection(SolutionConfigurationPlatforms) = preSolution
		Debug|Any CPU = Debug|Any CPU
		Release|Any CPU = Release|Any CPU
	EndGlobalSection
	GlobalSection(ProjectConfigurationPlatforms) = postSolution
		{EAC9CD79-F538-4E5D-874A-8BF5117F484A}.Debug|Any CPU.ActiveCfg = Debug|Any CPU
		{EAC9CD79-F538-4E5D-874A-8BF5117F484A}.Debug|Any CPU.Build.0 = Debug|Any CPU
		{EAC9CD79-F538-4E5D-874A-8BF5117F484A}.Release|Any CPU.ActiveCfg = Release|Any CPU
		{EAC9CD79-F538-4E5D-874A-8BF5117F484A}.Release|Any CPU.Build.0 = Release|Any CPU
	EndGlobalSection
	GlobalSection(SolutionProperties) = preSolution
		HideSolutionNode = FALSE
	EndGlobalSection
	GlobalSection(ExtensibilityGlobals) = postSolution
		SolutionGuid = {7AA00F74-AC88-4A40-9A3E-66BFCD949C1A}
	EndGlobalSection
EndGlobal
