// !$*UTF8*$!
{
	archiveVersion = 1;
	classes = {
	};
	objectVersion = 55;
	objects = {

/* Begin PBXBuildFile section */
		91147A76292ADCF1003B619B /* EditAppointmentView.swift in Sources */ = {isa = PBXBuildFile; fileRef = 91147A75292ADCF1003B619B /* EditAppointmentView.swift */; };
		912B72BB2923BCE0005DE16A /* AppointmentDetailsViewModel.swift in Sources */ = {isa = PBXBuildFile; fileRef = 912B72BA2923BCE0005DE16A /* AppointmentDetailsViewModel.swift */; };
		912B72BD2923C45E005DE16A /* ViewError.swift in Sources */ = {isa = PBXBuildFile; fileRef = 912B72BC2923C45E005DE16A /* ViewError.swift */; };
		9139461E2921627E00AD8636 /* AppointmentUIMapper.swift in Sources */ = {isa = PBXBuildFile; fileRef = 9139461D2921627E00AD8636 /* AppointmentUIMapper.swift */; };
		91394620292162C300AD8636 /* DefaultAppointmentUIMapper.swift in Sources */ = {isa = PBXBuildFile; fileRef = 9139461F292162C300AD8636 /* DefaultAppointmentUIMapper.swift */; };
		91394623292180A500AD8636 /* AppointmentCardViewModel.swift in Sources */ = {isa = PBXBuildFile; fileRef = 91394622292180A500AD8636 /* AppointmentCardViewModel.swift */; };
		91394626292180CF00AD8636 /* AddAppointmentViewModel.swift in Sources */ = {isa = PBXBuildFile; fileRef = 91394625292180CF00AD8636 /* AddAppointmentViewModel.swift */; };
		913946282921B1D300AD8636 /* LoadingState.swift in Sources */ = {isa = PBXBuildFile; fileRef = 913946272921B1D200AD8636 /* LoadingState.swift */; };
		9139462B2921B28400AD8636 /* RepositoryError.swift in Sources */ = {isa = PBXBuildFile; fileRef = 9139462A2921B28400AD8636 /* RepositoryError.swift */; };
		9139462D2921B30300AD8636 /* AppointmentsRepository.swift in Sources */ = {isa = PBXBuildFile; fileRef = 9139462C2921B30300AD8636 /* AppointmentsRepository.swift */; };
		9139462F2921BE2500AD8636 /* MockedAppointmentsRepository.swift in Sources */ = {isa = PBXBuildFile; fileRef = 9139462E2921BE2500AD8636 /* MockedAppointmentsRepository.swift */; };
		913946312921C89300AD8636 /* MockedAppointments.swift in Sources */ = {isa = PBXBuildFile; fileRef = 913946302921C89300AD8636 /* MockedAppointments.swift */; };
		913946332921CB5F00AD8636 /* DateGeneratorExtension.swift in Sources */ = {isa = PBXBuildFile; fileRef = 913946322921CB5F00AD8636 /* DateGeneratorExtension.swift */; };
		913946352921CE1700AD8636 /* AppointmentsService.swift in Sources */ = {isa = PBXBuildFile; fileRef = 913946342921CE1700AD8636 /* AppointmentsService.swift */; };
		913946372921CE8600AD8636 /* DefaultAppointmentsService.swift in Sources */ = {isa = PBXBuildFile; fileRef = 913946362921CE8600AD8636 /* DefaultAppointmentsService.swift */; };
		913946392921CF3D00AD8636 /* AppointmetsState.swift in Sources */ = {isa = PBXBuildFile; fileRef = 913946382921CF3D00AD8636 /* AppointmetsState.swift */; };
		9184481129212A610007A62B /* AppointmentsViewModel.swift in Sources */ = {isa = PBXBuildFile; fileRef = 9184481029212A610007A62B /* AppointmentsViewModel.swift */; };
		9184481529215A6F0007A62B /* CalendarExtension.swift in Sources */ = {isa = PBXBuildFile; fileRef = 9184481429215A6F0007A62B /* CalendarExtension.swift */; };
		9184481729215B190007A62B /* DateFormatterExtension.swift in Sources */ = {isa = PBXBuildFile; fileRef = 9184481629215B190007A62B /* DateFormatterExtension.swift */; };
		9184481D29215FA80007A62B /* Appointment.swift in Sources */ = {isa = PBXBuildFile; fileRef = 9184481C29215FA80007A62B /* Appointment.swift */; };
		91996BA9291E9C8D005C8176 /* AddPetCardView.swift in Sources */ = {isa = PBXBuildFile; fileRef = 91996BA8291E9C8D005C8176 /* AddPetCardView.swift */; };
		91996BAB291FEFF0005C8176 /* PetsDetailsView.swift in Sources */ = {isa = PBXBuildFile; fileRef = 91996BAA291FEFF0005C8176 /* PetsDetailsView.swift */; };
		91996BAD291FFF47005C8176 /* AppointmentDetailView.swift in Sources */ = {isa = PBXBuildFile; fileRef = 91996BAC291FFF47005C8176 /* AppointmentDetailView.swift */; };
		91996BAF292000D9005C8176 /* AddAppointmentView.swift in Sources */ = {isa = PBXBuildFile; fileRef = 91996BAE292000D9005C8176 /* AddAppointmentView.swift */; };
		91C48C2B2919B70F00FAA985 /* BestFriendClinicApp.swift in Sources */ = {isa = PBXBuildFile; fileRef = 91C48C2A2919B70F00FAA985 /* BestFriendClinicApp.swift */; };
		91C48C2F2919B71100FAA985 /* Assets.xcassets in Resources */ = {isa = PBXBuildFile; fileRef = 91C48C2E2919B71100FAA985 /* Assets.xcassets */; };
		91C48C322919B71100FAA985 /* Preview Assets.xcassets in Resources */ = {isa = PBXBuildFile; fileRef = 91C48C312919B71100FAA985 /* Preview Assets.xcassets */; };
		91C48C3C2919B71100FAA985 /* BestFriendClinicTests.swift in Sources */ = {isa = PBXBuildFile; fileRef = 91C48C3B2919B71100FAA985 /* BestFriendClinicTests.swift */; };
		91C48C462919B71100FAA985 /* BestFriendClinicUITests.swift in Sources */ = {isa = PBXBuildFile; fileRef = 91C48C452919B71100FAA985 /* BestFriendClinicUITests.swift */; };
		91C48C482919B71100FAA985 /* BestFriendClinicUITestsLaunchTests.swift in Sources */ = {isa = PBXBuildFile; fileRef = 91C48C472919B71100FAA985 /* BestFriendClinicUITestsLaunchTests.swift */; };
		91C48C59291AA1E500FAA985 /* ColorsCatalog.swift in Sources */ = {isa = PBXBuildFile; fileRef = 91C48C58291AA1E500FAA985 /* ColorsCatalog.swift */; };
		91C48C5F291AA57F00FAA985 /* MainLandingView.swift in Sources */ = {isa = PBXBuildFile; fileRef = 91C48C5E291AA57F00FAA985 /* MainLandingView.swift */; };
		91C48C61291AAA2C00FAA985 /* AppointmentsView.swift in Sources */ = {isa = PBXBuildFile; fileRef = 91C48C60291AAA2C00FAA985 /* AppointmentsView.swift */; };
		91C48C63291AAA3A00FAA985 /* PetsView.swift in Sources */ = {isa = PBXBuildFile; fileRef = 91C48C62291AAA3A00FAA985 /* PetsView.swift */; };
		91C48C65291AAE4400FAA985 /* AppointmentType.swift in Sources */ = {isa = PBXBuildFile; fileRef = 91C48C64291AAE4400FAA985 /* AppointmentType.swift */; };
		91C48C68291AB7D700FAA985 /* AppointmentCardView.swift in Sources */ = {isa = PBXBuildFile; fileRef = 91C48C67291AB7D700FAA985 /* AppointmentCardView.swift */; };
		91C48C6D291C553B00FAA985 /* AppointmentUIModel.swift in Sources */ = {isa = PBXBuildFile; fileRef = 91C48C6C291C553B00FAA985 /* AppointmentUIModel.swift */; };
		91C48C6F291C65B000FAA985 /* AppointmentSectionUIModel.swift in Sources */ = {isa = PBXBuildFile; fileRef = 91C48C6E291C65B000FAA985 /* AppointmentSectionUIModel.swift */; };
		91C48C75291C884200FAA985 /* PetUIModel.swift in Sources */ = {isa = PBXBuildFile; fileRef = 91C48C74291C884200FAA985 /* PetUIModel.swift */; };
		91C48C79291C894000FAA985 /* PetCardView.swift in Sources */ = {isa = PBXBuildFile; fileRef = 91C48C78291C894000FAA985 /* PetCardView.swift */; };
		91F71F06292B1953007A5B4E /* EditAppointmentViewModel.swift in Sources */ = {isa = PBXBuildFile; fileRef = 91F71F05292B1953007A5B4E /* EditAppointmentViewModel.swift */; };
/* End PBXBuildFile section */

/* Begin PBXContainerItemProxy section */
		91C48C382919B71100FAA985 /* PBXContainerItemProxy */ = {
			isa = PBXContainerItemProxy;
			containerPortal = 91C48C1F2919B70F00FAA985 /* Project object */;
			proxyType = 1;
			remoteGlobalIDString = 91C48C262919B70F00FAA985;
			remoteInfo = BestFriendClinic;
		};
		91C48C422919B71100FAA985 /* PBXContainerItemProxy */ = {
			isa = PBXContainerItemProxy;
			containerPortal = 91C48C1F2919B70F00FAA985 /* Project object */;
			proxyType = 1;
			remoteGlobalIDString = 91C48C262919B70F00FAA985;
			remoteInfo = BestFriendClinic;
		};
/* End PBXContainerItemProxy section */

/* Begin PBXFileReference section */
		91147A75292ADCF1003B619B /* EditAppointmentView.swift */ = {isa = PBXFileReference; lastKnownFileType = sourcecode.swift; path = EditAppointmentView.swift; sourceTree = "<group>"; };
		912B72BA2923BCE0005DE16A /* AppointmentDetailsViewModel.swift */ = {isa = PBXFileReference; lastKnownFileType = sourcecode.swift; path = AppointmentDetailsViewModel.swift; sourceTree = "<group>"; };
		912B72BC2923C45E005DE16A /* ViewError.swift */ = {isa = PBXFileReference; lastKnownFileType = sourcecode.swift; path = ViewError.swift; sourceTree = "<group>"; };
		9139461D2921627E00AD8636 /* AppointmentUIMapper.swift */ = {isa = PBXFileReference; lastKnownFileType = sourcecode.swift; path = AppointmentUIMapper.swift; sourceTree = "<group>"; };
		9139461F292162C300AD8636 /* DefaultAppointmentUIMapper.swift */ = {isa = PBXFileReference; lastKnownFileType = sourcecode.swift; path = DefaultAppointmentUIMapper.swift; sourceTree = "<group>"; };
		91394622292180A500AD8636 /* AppointmentCardViewModel.swift */ = {isa = PBXFileReference; lastKnownFileType = sourcecode.swift; path = AppointmentCardViewModel.swift; sourceTree = "<group>"; };
		91394625292180CF00AD8636 /* AddAppointmentViewModel.swift */ = {isa = PBXFileReference; lastKnownFileType = sourcecode.swift; path = AddAppointmentViewModel.swift; sourceTree = "<group>"; };
		913946272921B1D200AD8636 /* LoadingState.swift */ = {isa = PBXFileReference; lastKnownFileType = sourcecode.swift; path = LoadingState.swift; sourceTree = "<group>"; };
		9139462A2921B28400AD8636 /* RepositoryError.swift */ = {isa = PBXFileReference; lastKnownFileType = sourcecode.swift; path = RepositoryError.swift; sourceTree = "<group>"; };
		9139462C2921B30300AD8636 /* AppointmentsRepository.swift */ = {isa = PBXFileReference; lastKnownFileType = sourcecode.swift; path = AppointmentsRepository.swift; sourceTree = "<group>"; };
		9139462E2921BE2500AD8636 /* MockedAppointmentsRepository.swift */ = {isa = PBXFileReference; lastKnownFileType = sourcecode.swift; path = MockedAppointmentsRepository.swift; sourceTree = "<group>"; };
		913946302921C89300AD8636 /* MockedAppointments.swift */ = {isa = PBXFileReference; lastKnownFileType = sourcecode.swift; path = MockedAppointments.swift; sourceTree = "<group>"; };
		913946322921CB5F00AD8636 /* DateGeneratorExtension.swift */ = {isa = PBXFileReference; lastKnownFileType = sourcecode.swift; path = DateGeneratorExtension.swift; sourceTree = "<group>"; };
		913946342921CE1700AD8636 /* AppointmentsService.swift */ = {isa = PBXFileReference; lastKnownFileType = sourcecode.swift; path = AppointmentsService.swift; sourceTree = "<group>"; };
		913946362921CE8600AD8636 /* DefaultAppointmentsService.swift */ = {isa = PBXFileReference; lastKnownFileType = sourcecode.swift; path = DefaultAppointmentsService.swift; sourceTree = "<group>"; };
		913946382921CF3D00AD8636 /* AppointmetsState.swift */ = {isa = PBXFileReference; lastKnownFileType = sourcecode.swift; path = AppointmetsState.swift; sourceTree = "<group>"; };
		9184481029212A610007A62B /* AppointmentsViewModel.swift */ = {isa = PBXFileReference; lastKnownFileType = sourcecode.swift; path = AppointmentsViewModel.swift; sourceTree = "<group>"; };
		9184481429215A6F0007A62B /* CalendarExtension.swift */ = {isa = PBXFileReference; lastKnownFileType = sourcecode.swift; path = CalendarExtension.swift; sourceTree = "<group>"; };
		9184481629215B190007A62B /* DateFormatterExtension.swift */ = {isa = PBXFileReference; lastKnownFileType = sourcecode.swift; path = DateFormatterExtension.swift; sourceTree = "<group>"; };
		9184481C29215FA80007A62B /* Appointment.swift */ = {isa = PBXFileReference; lastKnownFileType = sourcecode.swift; path = Appointment.swift; sourceTree = "<group>"; };
		91996BA8291E9C8D005C8176 /* AddPetCardView.swift */ = {isa = PBXFileReference; lastKnownFileType = sourcecode.swift; path = AddPetCardView.swift; sourceTree = "<group>"; };
		91996BAA291FEFF0005C8176 /* PetsDetailsView.swift */ = {isa = PBXFileReference; lastKnownFileType = sourcecode.swift; path = PetsDetailsView.swift; sourceTree = "<group>"; };
		91996BAC291FFF47005C8176 /* AppointmentDetailView.swift */ = {isa = PBXFileReference; lastKnownFileType = sourcecode.swift; path = AppointmentDetailView.swift; sourceTree = "<group>"; };
		91996BAE292000D9005C8176 /* AddAppointmentView.swift */ = {isa = PBXFileReference; lastKnownFileType = sourcecode.swift; path = AddAppointmentView.swift; sourceTree = "<group>"; };
		91C48C272919B70F00FAA985 /* BestFriendClinic.app */ = {isa = PBXFileReference; explicitFileType = wrapper.application; includeInIndex = 0; path = BestFriendClinic.app; sourceTree = BUILT_PRODUCTS_DIR; };
		91C48C2A2919B70F00FAA985 /* BestFriendClinicApp.swift */ = {isa = PBXFileReference; lastKnownFileType = sourcecode.swift; path = BestFriendClinicApp.swift; sourceTree = "<group>"; };
		91C48C2E2919B71100FAA985 /* Assets.xcassets */ = {isa = PBXFileReference; lastKnownFileType = folder.assetcatalog; path = Assets.xcassets; sourceTree = "<group>"; };
		91C48C312919B71100FAA985 /* Preview Assets.xcassets */ = {isa = PBXFileReference; lastKnownFileType = folder.assetcatalog; path = "Preview Assets.xcassets"; sourceTree = "<group>"; };
		91C48C372919B71100FAA985 /* BestFriendClinicTests.xctest */ = {isa = PBXFileReference; explicitFileType = wrapper.cfbundle; includeInIndex = 0; path = BestFriendClinicTests.xctest; sourceTree = BUILT_PRODUCTS_DIR; };
		91C48C3B2919B71100FAA985 /* BestFriendClinicTests.swift */ = {isa = PBXFileReference; lastKnownFileType = sourcecode.swift; path = BestFriendClinicTests.swift; sourceTree = "<group>"; };
		91C48C412919B71100FAA985 /* BestFriendClinicUITests.xctest */ = {isa = PBXFileReference; explicitFileType = wrapper.cfbundle; includeInIndex = 0; path = BestFriendClinicUITests.xctest; sourceTree = BUILT_PRODUCTS_DIR; };
		91C48C452919B71100FAA985 /* BestFriendClinicUITests.swift */ = {isa = PBXFileReference; lastKnownFileType = sourcecode.swift; path = BestFriendClinicUITests.swift; sourceTree = "<group>"; };
		91C48C472919B71100FAA985 /* BestFriendClinicUITestsLaunchTests.swift */ = {isa = PBXFileReference; lastKnownFileType = sourcecode.swift; path = BestFriendClinicUITestsLaunchTests.swift; sourceTree = "<group>"; };
		91C48C58291AA1E500FAA985 /* ColorsCatalog.swift */ = {isa = PBXFileReference; lastKnownFileType = sourcecode.swift; path = ColorsCatalog.swift; sourceTree = "<group>"; };
		91C48C5E291AA57F00FAA985 /* MainLandingView.swift */ = {isa = PBXFileReference; lastKnownFileType = sourcecode.swift; path = MainLandingView.swift; sourceTree = "<group>"; };
		91C48C60291AAA2C00FAA985 /* AppointmentsView.swift */ = {isa = PBXFileReference; lastKnownFileType = sourcecode.swift; path = AppointmentsView.swift; sourceTree = "<group>"; };
		91C48C62291AAA3A00FAA985 /* PetsView.swift */ = {isa = PBXFileReference; lastKnownFileType = sourcecode.swift; name = PetsView.swift; path = ../PetsView.swift; sourceTree = "<group>"; };
		91C48C64291AAE4400FAA985 /* AppointmentType.swift */ = {isa = PBXFileReference; lastKnownFileType = sourcecode.swift; path = AppointmentType.swift; sourceTree = "<group>"; };
		91C48C67291AB7D700FAA985 /* AppointmentCardView.swift */ = {isa = PBXFileReference; lastKnownFileType = sourcecode.swift; path = AppointmentCardView.swift; sourceTree = "<group>"; };
		91C48C6C291C553B00FAA985 /* AppointmentUIModel.swift */ = {isa = PBXFileReference; lastKnownFileType = sourcecode.swift; path = AppointmentUIModel.swift; sourceTree = "<group>"; };
		91C48C6E291C65B000FAA985 /* AppointmentSectionUIModel.swift */ = {isa = PBXFileReference; lastKnownFileType = sourcecode.swift; path = AppointmentSectionUIModel.swift; sourceTree = "<group>"; };
		91C48C74291C884200FAA985 /* PetUIModel.swift */ = {isa = PBXFileReference; lastKnownFileType = sourcecode.swift; path = PetUIModel.swift; sourceTree = "<group>"; };
		91C48C78291C894000FAA985 /* PetCardView.swift */ = {isa = PBXFileReference; lastKnownFileType = sourcecode.swift; path = PetCardView.swift; sourceTree = "<group>"; };
		91F71F05292B1953007A5B4E /* EditAppointmentViewModel.swift */ = {isa = PBXFileReference; lastKnownFileType = sourcecode.swift; path = EditAppointmentViewModel.swift; sourceTree = "<group>"; };
/* End PBXFileReference section */

/* Begin PBXFrameworksBuildPhase section */
		91C48C242919B70F00FAA985 /* Frameworks */ = {
			isa = PBXFrameworksBuildPhase;
			buildActionMask = 2147483647;
			files = (
			);
			runOnlyForDeploymentPostprocessing = 0;
		};
		91C48C342919B71100FAA985 /* Frameworks */ = {
			isa = PBXFrameworksBuildPhase;
			buildActionMask = 2147483647;
			files = (
			);
			runOnlyForDeploymentPostprocessing = 0;
		};
		91C48C3E2919B71100FAA985 /* Frameworks */ = {
			isa = PBXFrameworksBuildPhase;
			buildActionMask = 2147483647;
			files = (
			);
			runOnlyForDeploymentPostprocessing = 0;
		};
/* End PBXFrameworksBuildPhase section */

/* Begin PBXGroup section */
		91147A77292ADCF5003B619B /* EditAppointmentView */ = {
			isa = PBXGroup;
			children = (
				91147A75292ADCF1003B619B /* EditAppointmentView.swift */,
				91F71F05292B1953007A5B4E /* EditAppointmentViewModel.swift */,
			);
			path = EditAppointmentView;
			sourceTree = "<group>";
		};
		912B72B9292382E3005DE16A /* AppointmentDetailView */ = {
			isa = PBXGroup;
			children = (
				912B72BA2923BCE0005DE16A /* AppointmentDetailsViewModel.swift */,
				91996BAC291FFF47005C8176 /* AppointmentDetailView.swift */,
			);
			path = AppointmentDetailView;
			sourceTree = "<group>";
		};
		913946212921808500AD8636 /* AppointmentCardView */ = {
			isa = PBXGroup;
			children = (
				91394622292180A500AD8636 /* AppointmentCardViewModel.swift */,
				91C48C67291AB7D700FAA985 /* AppointmentCardView.swift */,
			);
			path = AppointmentCardView;
			sourceTree = "<group>";
		};
		91394624292180B200AD8636 /* AddAppointmentView */ = {
			isa = PBXGroup;
			children = (
				91394625292180CF00AD8636 /* AddAppointmentViewModel.swift */,
				91996BAE292000D9005C8176 /* AddAppointmentView.swift */,
			);
			path = AddAppointmentView;
			sourceTree = "<group>";
		};
		913946292921B26600AD8636 /* Errors */ = {
			isa = PBXGroup;
			children = (
				9139462A2921B28400AD8636 /* RepositoryError.swift */,
				912B72BC2923C45E005DE16A /* ViewError.swift */,
			);
			path = Errors;
			sourceTree = "<group>";
		};
		9184481229214B000007A62B /* AppointmentsView */ = {
			isa = PBXGroup;
			children = (
				9184481029212A610007A62B /* AppointmentsViewModel.swift */,
				91C48C60291AAA2C00FAA985 /* AppointmentsView.swift */,
			);
			path = AppointmentsView;
			sourceTree = "<group>";
		};
		9184481329215A590007A62B /* Utils */ = {
			isa = PBXGroup;
			children = (
				913946292921B26600AD8636 /* Errors */,
				9184481429215A6F0007A62B /* CalendarExtension.swift */,
				9184481629215B190007A62B /* DateFormatterExtension.swift */,
				913946272921B1D200AD8636 /* LoadingState.swift */,
				913946322921CB5F00AD8636 /* DateGeneratorExtension.swift */,
			);
			path = Utils;
			sourceTree = "<group>";
		};
		9184481829215F2E0007A62B /* Data */ = {
			isa = PBXGroup;
			children = (
			);
			path = Data;
			sourceTree = "<group>";
		};
		9184481929215F5B0007A62B /* Model */ = {
			isa = PBXGroup;
			children = (
				9184481C29215FA80007A62B /* Appointment.swift */,
			);
			path = Model;
			sourceTree = "<group>";
		};
		9184481A29215F6D0007A62B /* Repository */ = {
			isa = PBXGroup;
			children = (
				9139462C2921B30300AD8636 /* AppointmentsRepository.swift */,
				9139462E2921BE2500AD8636 /* MockedAppointmentsRepository.swift */,
				913946302921C89300AD8636 /* MockedAppointments.swift */,
			);
			path = Repository;
			sourceTree = "<group>";
		};
		9184481B29215F760007A62B /* Service */ = {
			isa = PBXGroup;
			children = (
				913946342921CE1700AD8636 /* AppointmentsService.swift */,
				913946362921CE8600AD8636 /* DefaultAppointmentsService.swift */,
			);
			path = Service;
			sourceTree = "<group>";
		};
		9184481E292161BA0007A62B /* Mappers */ = {
			isa = PBXGroup;
			children = (
				9139461D2921627E00AD8636 /* AppointmentUIMapper.swift */,
				9139461F292162C300AD8636 /* DefaultAppointmentUIMapper.swift */,
			);
			path = Mappers;
			sourceTree = "<group>";
		};
		91C48C1E2919B70F00FAA985 = {
			isa = PBXGroup;
			children = (
				91C48C292919B70F00FAA985 /* BestFriendClinic */,
				91C48C3A2919B71100FAA985 /* BestFriendClinicTests */,
				91C48C442919B71100FAA985 /* BestFriendClinicUITests */,
				91C48C282919B70F00FAA985 /* Products */,
			);
			sourceTree = "<group>";
		};
		91C48C282919B70F00FAA985 /* Products */ = {
			isa = PBXGroup;
			children = (
				91C48C272919B70F00FAA985 /* BestFriendClinic.app */,
				91C48C372919B71100FAA985 /* BestFriendClinicTests.xctest */,
				91C48C412919B71100FAA985 /* BestFriendClinicUITests.xctest */,
			);
			name = Products;
			sourceTree = "<group>";
		};
		91C48C292919B70F00FAA985 /* BestFriendClinic */ = {
			isa = PBXGroup;
			children = (
				91C48C56291A9E2300FAA985 /* Classes */,
				91C48C54291A65BE00FAA985 /* Resources */,
				91C48C302919B71100FAA985 /* Preview Content */,
			);
			path = BestFriendClinic;
			sourceTree = "<group>";
		};
		91C48C302919B71100FAA985 /* Preview Content */ = {
			isa = PBXGroup;
			children = (
				91C48C312919B71100FAA985 /* Preview Assets.xcassets */,
			);
			path = "Preview Content";
			sourceTree = "<group>";
		};
		91C48C3A2919B71100FAA985 /* BestFriendClinicTests */ = {
			isa = PBXGroup;
			children = (
				91C48C3B2919B71100FAA985 /* BestFriendClinicTests.swift */,
			);
			path = BestFriendClinicTests;
			sourceTree = "<group>";
		};
		91C48C442919B71100FAA985 /* BestFriendClinicUITests */ = {
			isa = PBXGroup;
			children = (
				91C48C452919B71100FAA985 /* BestFriendClinicUITests.swift */,
				91C48C472919B71100FAA985 /* BestFriendClinicUITestsLaunchTests.swift */,
			);
			path = BestFriendClinicUITests;
			sourceTree = "<group>";
		};
		91C48C54291A65BE00FAA985 /* Resources */ = {
			isa = PBXGroup;
			children = (
				91C48C2E2919B71100FAA985 /* Assets.xcassets */,
			);
			path = Resources;
			sourceTree = "<group>";
		};
		91C48C56291A9E2300FAA985 /* Classes */ = {
			isa = PBXGroup;
			children = (
				91C48C2A2919B70F00FAA985 /* BestFriendClinicApp.swift */,
				91C48C5A291AA33500FAA985 /* Features */,
				9184481329215A590007A62B /* Utils */,
				91C48C57291AA1BC00FAA985 /* ThemeUtilities */,
			);
			path = Classes;
			sourceTree = "<group>";
		};
		91C48C57291AA1BC00FAA985 /* ThemeUtilities */ = {
			isa = PBXGroup;
			children = (
				91C48C58291AA1E500FAA985 /* ColorsCatalog.swift */,
				91C48C64291AAE4400FAA985 /* AppointmentType.swift */,
			);
			path = ThemeUtilities;
			sourceTree = "<group>";
		};
		91C48C5A291AA33500FAA985 /* Features */ = {
			isa = PBXGroup;
			children = (
				91C48C5D291AA3A900FAA985 /* Landing */,
				91C48C5B291AA35400FAA985 /* Appointments */,
				91C48C5C291AA36100FAA985 /* Pets */,
			);
			path = Features;
			sourceTree = "<group>";
		};
		91C48C5B291AA35400FAA985 /* Appointments */ = {
			isa = PBXGroup;
			children = (
				9184481829215F2E0007A62B /* Data */,
				91C48C6B291AB91100FAA985 /* Domain */,
				9184481E292161BA0007A62B /* Mappers */,
				91C48C6A291AB8F300FAA985 /* UIModels */,
				91C48C66291AB75F00FAA985 /* Views */,
			);
			path = Appointments;
			sourceTree = "<group>";
		};
		91C48C5C291AA36100FAA985 /* Pets */ = {
			isa = PBXGroup;
			children = (
				91C48C70291C87D700FAA985 /* Domain */,
				91C48C71291C87E000FAA985 /* UIModels */,
				91C48C72291C87F400FAA985 /* ViewModels */,
				91C48C73291C880F00FAA985 /* Views */,
			);
			path = Pets;
			sourceTree = "<group>";
		};
		91C48C5D291AA3A900FAA985 /* Landing */ = {
			isa = PBXGroup;
			children = (
				91C48C5E291AA57F00FAA985 /* MainLandingView.swift */,
			);
			path = Landing;
			sourceTree = "<group>";
		};
		91C48C66291AB75F00FAA985 /* Views */ = {
			isa = PBXGroup;
			children = (
				91147A77292ADCF5003B619B /* EditAppointmentView */,
				912B72B9292382E3005DE16A /* AppointmentDetailView */,
				91394624292180B200AD8636 /* AddAppointmentView */,
				913946212921808500AD8636 /* AppointmentCardView */,
				9184481229214B000007A62B /* AppointmentsView */,
			);
			path = Views;
			sourceTree = "<group>";
		};
		91C48C6A291AB8F300FAA985 /* UIModels */ = {
			isa = PBXGroup;
			children = (
				91C48C6C291C553B00FAA985 /* AppointmentUIModel.swift */,
				91C48C6E291C65B000FAA985 /* AppointmentSectionUIModel.swift */,
			);
			path = UIModels;
			sourceTree = "<group>";
		};
		91C48C6B291AB91100FAA985 /* Domain */ = {
			isa = PBXGroup;
			children = (
				9184481929215F5B0007A62B /* Model */,
				9184481A29215F6D0007A62B /* Repository */,
				9184481B29215F760007A62B /* Service */,
				913946382921CF3D00AD8636 /* AppointmetsState.swift */,
			);
			path = Domain;
			sourceTree = "<group>";
		};
		91C48C70291C87D700FAA985 /* Domain */ = {
			isa = PBXGroup;
			children = (
			);
			path = Domain;
			sourceTree = "<group>";
		};
		91C48C71291C87E000FAA985 /* UIModels */ = {
			isa = PBXGroup;
			children = (
				91C48C74291C884200FAA985 /* PetUIModel.swift */,
			);
			path = UIModels;
			sourceTree = "<group>";
		};
		91C48C72291C87F400FAA985 /* ViewModels */ = {
			isa = PBXGroup;
			children = (
			);
			path = ViewModels;
			sourceTree = "<group>";
		};
		91C48C73291C880F00FAA985 /* Views */ = {
			isa = PBXGroup;
			children = (
				91C48C62291AAA3A00FAA985 /* PetsView.swift */,
				91C48C78291C894000FAA985 /* PetCardView.swift */,
				91996BA8291E9C8D005C8176 /* AddPetCardView.swift */,
				91996BAA291FEFF0005C8176 /* PetsDetailsView.swift */,
			);
			path = Views;
			sourceTree = "<group>";
		};
/* End PBXGroup section */

/* Begin PBXNativeTarget section */
		91C48C262919B70F00FAA985 /* BestFriendClinic */ = {
			isa = PBXNativeTarget;
			buildConfigurationList = 91C48C4B2919B71100FAA985 /* Build configuration list for PBXNativeTarget "BestFriendClinic" */;
			buildPhases = (
				91C48C232919B70F00FAA985 /* Sources */,
				91C48C242919B70F00FAA985 /* Frameworks */,
				91C48C252919B70F00FAA985 /* Resources */,
			);
			buildRules = (
			);
			dependencies = (
			);
			name = BestFriendClinic;
			productName = BestFriendClinic;
			productReference = 91C48C272919B70F00FAA985 /* BestFriendClinic.app */;
			productType = "com.apple.product-type.application";
		};
		91C48C362919B71100FAA985 /* BestFriendClinicTests */ = {
			isa = PBXNativeTarget;
			buildConfigurationList = 91C48C4E2919B71100FAA985 /* Build configuration list for PBXNativeTarget "BestFriendClinicTests" */;
			buildPhases = (
				91C48C332919B71100FAA985 /* Sources */,
				91C48C342919B71100FAA985 /* Frameworks */,
				91C48C352919B71100FAA985 /* Resources */,
			);
			buildRules = (
			);
			dependencies = (
				91C48C392919B71100FAA985 /* PBXTargetDependency */,
			);
			name = BestFriendClinicTests;
			productName = BestFriendClinicTests;
			productReference = 91C48C372919B71100FAA985 /* BestFriendClinicTests.xctest */;
			productType = "com.apple.product-type.bundle.unit-test";
		};
		91C48C402919B71100FAA985 /* BestFriendClinicUITests */ = {
			isa = PBXNativeTarget;
			buildConfigurationList = 91C48C512919B71100FAA985 /* Build configuration list for PBXNativeTarget "BestFriendClinicUITests" */;
			buildPhases = (
				91C48C3D2919B71100FAA985 /* Sources */,
				91C48C3E2919B71100FAA985 /* Frameworks */,
				91C48C3F2919B71100FAA985 /* Resources */,
			);
			buildRules = (
			);
			dependencies = (
				91C48C432919B71100FAA985 /* PBXTargetDependency */,
			);
			name = BestFriendClinicUITests;
			productName = BestFriendClinicUITests;
			productReference = 91C48C412919B71100FAA985 /* BestFriendClinicUITests.xctest */;
			productType = "com.apple.product-type.bundle.ui-testing";
		};
/* End PBXNativeTarget section */

/* Begin PBXProject section */
		91C48C1F2919B70F00FAA985 /* Project object */ = {
			isa = PBXProject;
			attributes = {
				BuildIndependentTargetsInParallel = 1;
				LastSwiftUpdateCheck = 1330;
				LastUpgradeCheck = 1330;
				TargetAttributes = {
					91C48C262919B70F00FAA985 = {
						CreatedOnToolsVersion = 13.3;
					};
					91C48C362919B71100FAA985 = {
						CreatedOnToolsVersion = 13.3;
						TestTargetID = 91C48C262919B70F00FAA985;
					};
					91C48C402919B71100FAA985 = {
						CreatedOnToolsVersion = 13.3;
						TestTargetID = 91C48C262919B70F00FAA985;
					};
				};
			};
			buildConfigurationList = 91C48C222919B70F00FAA985 /* Build configuration list for PBXProject "BestFriendClinic" */;
			compatibilityVersion = "Xcode 13.0";
			developmentRegion = en;
			hasScannedForEncodings = 0;
			knownRegions = (
				en,
				Base,
			);
			mainGroup = 91C48C1E2919B70F00FAA985;
			productRefGroup = 91C48C282919B70F00FAA985 /* Products */;
			projectDirPath = "";
			projectRoot = "";
			targets = (
				91C48C262919B70F00FAA985 /* BestFriendClinic */,
				91C48C362919B71100FAA985 /* BestFriendClinicTests */,
				91C48C402919B71100FAA985 /* BestFriendClinicUITests */,
			);
		};
/* End PBXProject section */

/* Begin PBXResourcesBuildPhase section */
		91C48C252919B70F00FAA985 /* Resources */ = {
			isa = PBXResourcesBuildPhase;
			buildActionMask = 2147483647;
			files = (
				91C48C322919B71100FAA985 /* Preview Assets.xcassets in Resources */,
				91C48C2F2919B71100FAA985 /* Assets.xcassets in Resources */,
			);
			runOnlyForDeploymentPostprocessing = 0;
		};
		91C48C352919B71100FAA985 /* Resources */ = {
			isa = PBXResourcesBuildPhase;
			buildActionMask = 2147483647;
			files = (
			);
			runOnlyForDeploymentPostprocessing = 0;
		};
		91C48C3F2919B71100FAA985 /* Resources */ = {
			isa = PBXResourcesBuildPhase;
			buildActionMask = 2147483647;
			files = (
			);
			runOnlyForDeploymentPostprocessing = 0;
		};
/* End PBXResourcesBuildPhase section */

/* Begin PBXSourcesBuildPhase section */
		91C48C232919B70F00FAA985 /* Sources */ = {
			isa = PBXSourcesBuildPhase;
			buildActionMask = 2147483647;
			files = (
				91996BA9291E9C8D005C8176 /* AddPetCardView.swift in Sources */,
				91C48C79291C894000FAA985 /* PetCardView.swift in Sources */,
				91C48C75291C884200FAA985 /* PetUIModel.swift in Sources */,
				91C48C59291AA1E500FAA985 /* ColorsCatalog.swift in Sources */,
				91394626292180CF00AD8636 /* AddAppointmentViewModel.swift in Sources */,
				91996BAD291FFF47005C8176 /* AppointmentDetailView.swift in Sources */,
				913946372921CE8600AD8636 /* DefaultAppointmentsService.swift in Sources */,
				9139462B2921B28400AD8636 /* RepositoryError.swift in Sources */,
				91C48C5F291AA57F00FAA985 /* MainLandingView.swift in Sources */,
				91996BAF292000D9005C8176 /* AddAppointmentView.swift in Sources */,
				91147A76292ADCF1003B619B /* EditAppointmentView.swift in Sources */,
				9184481129212A610007A62B /* AppointmentsViewModel.swift in Sources */,
				912B72BD2923C45E005DE16A /* ViewError.swift in Sources */,
				91394620292162C300AD8636 /* DefaultAppointmentUIMapper.swift in Sources */,
				91F71F06292B1953007A5B4E /* EditAppointmentViewModel.swift in Sources */,
				913946332921CB5F00AD8636 /* DateGeneratorExtension.swift in Sources */,
				91C48C6D291C553B00FAA985 /* AppointmentUIModel.swift in Sources */,
				913946392921CF3D00AD8636 /* AppointmetsState.swift in Sources */,
				9184481729215B190007A62B /* DateFormatterExtension.swift in Sources */,
				91C48C68291AB7D700FAA985 /* AppointmentCardView.swift in Sources */,
				913946352921CE1700AD8636 /* AppointmentsService.swift in Sources */,
				91996BAB291FEFF0005C8176 /* PetsDetailsView.swift in Sources */,
				9184481529215A6F0007A62B /* CalendarExtension.swift in Sources */,
				9139462D2921B30300AD8636 /* AppointmentsRepository.swift in Sources */,
				91C48C65291AAE4400FAA985 /* AppointmentType.swift in Sources */,
				91394623292180A500AD8636 /* AppointmentCardViewModel.swift in Sources */,
				9139462F2921BE2500AD8636 /* MockedAppointmentsRepository.swift in Sources */,
				913946312921C89300AD8636 /* MockedAppointments.swift in Sources */,
				91C48C2B2919B70F00FAA985 /* BestFriendClinicApp.swift in Sources */,
				91C48C6F291C65B000FAA985 /* AppointmentSectionUIModel.swift in Sources */,
				91C48C63291AAA3A00FAA985 /* PetsView.swift in Sources */,
				912B72BB2923BCE0005DE16A /* AppointmentDetailsViewModel.swift in Sources */,
				9139461E2921627E00AD8636 /* AppointmentUIMapper.swift in Sources */,
				913946282921B1D300AD8636 /* LoadingState.swift in Sources */,
				91C48C61291AAA2C00FAA985 /* AppointmentsView.swift in Sources */,
				9184481D29215FA80007A62B /* Appointment.swift in Sources */,
			);
			runOnlyForDeploymentPostprocessing = 0;
		};
		91C48C332919B71100FAA985 /* Sources */ = {
			isa = PBXSourcesBuildPhase;
			buildActionMask = 2147483647;
			files = (
				91C48C3C2919B71100FAA985 /* BestFriendClinicTests.swift in Sources */,
			);
			runOnlyForDeploymentPostprocessing = 0;
		};
		91C48C3D2919B71100FAA985 /* Sources */ = {
			isa = PBXSourcesBuildPhase;
			buildActionMask = 2147483647;
			files = (
				91C48C482919B71100FAA985 /* BestFriendClinicUITestsLaunchTests.swift in Sources */,
				91C48C462919B71100FAA985 /* BestFriendClinicUITests.swift in Sources */,
			);
			runOnlyForDeploymentPostprocessing = 0;
		};
/* End PBXSourcesBuildPhase section */

/* Begin PBXTargetDependency section */
		91C48C392919B71100FAA985 /* PBXTargetDependency */ = {
			isa = PBXTargetDependency;
			target = 91C48C262919B70F00FAA985 /* BestFriendClinic */;
			targetProxy = 91C48C382919B71100FAA985 /* PBXContainerItemProxy */;
		};
		91C48C432919B71100FAA985 /* PBXTargetDependency */ = {
			isa = PBXTargetDependency;
			target = 91C48C262919B70F00FAA985 /* BestFriendClinic */;
			targetProxy = 91C48C422919B71100FAA985 /* PBXContainerItemProxy */;
		};
/* End PBXTargetDependency section */

/* Begin XCBuildConfiguration section */
		91C48C492919B71100FAA985 /* Debug */ = {
			isa = XCBuildConfiguration;
			buildSettings = {
				ALWAYS_SEARCH_USER_PATHS = NO;
				CLANG_ANALYZER_NONNULL = YES;
				CLANG_ANALYZER_NUMBER_OBJECT_CONVERSION = YES_AGGRESSIVE;
				CLANG_CXX_LANGUAGE_STANDARD = "gnu++17";
				CLANG_ENABLE_MODULES = YES;
				CLANG_ENABLE_OBJC_ARC = YES;
				CLANG_ENABLE_OBJC_WEAK = YES;
				CLANG_WARN_BLOCK_CAPTURE_AUTORELEASING = YES;
				CLANG_WARN_BOOL_CONVERSION = YES;
				CLANG_WARN_COMMA = YES;
				CLANG_WARN_CONSTANT_CONVERSION = YES;
				CLANG_WARN_DEPRECATED_OBJC_IMPLEMENTATIONS = YES;
				CLANG_WARN_DIRECT_OBJC_ISA_USAGE = YES_ERROR;
				CLANG_WARN_DOCUMENTATION_COMMENTS = YES;
				CLANG_WARN_EMPTY_BODY = YES;
				CLANG_WARN_ENUM_CONVERSION = YES;
				CLANG_WARN_INFINITE_RECURSION = YES;
				CLANG_WARN_INT_CONVERSION = YES;
				CLANG_WARN_NON_LITERAL_NULL_CONVERSION = YES;
				CLANG_WARN_OBJC_IMPLICIT_RETAIN_SELF = YES;
				CLANG_WARN_OBJC_LITERAL_CONVERSION = YES;
				CLANG_WARN_OBJC_ROOT_CLASS = YES_ERROR;
				CLANG_WARN_QUOTED_INCLUDE_IN_FRAMEWORK_HEADER = YES;
				CLANG_WARN_RANGE_LOOP_ANALYSIS = YES;
				CLANG_WARN_STRICT_PROTOTYPES = YES;
				CLANG_WARN_SUSPICIOUS_MOVE = YES;
				CLANG_WARN_UNGUARDED_AVAILABILITY = YES_AGGRESSIVE;
				CLANG_WARN_UNREACHABLE_CODE = YES;
				CLANG_WARN__DUPLICATE_METHOD_MATCH = YES;
				COPY_PHASE_STRIP = NO;
				DEBUG_INFORMATION_FORMAT = dwarf;
				ENABLE_STRICT_OBJC_MSGSEND = YES;
				ENABLE_TESTABILITY = YES;
				GCC_C_LANGUAGE_STANDARD = gnu11;
				GCC_DYNAMIC_NO_PIC = NO;
				GCC_NO_COMMON_BLOCKS = YES;
				GCC_OPTIMIZATION_LEVEL = 0;
				GCC_PREPROCESSOR_DEFINITIONS = (
					"DEBUG=1",
					"$(inherited)",
				);
				GCC_WARN_64_TO_32_BIT_CONVERSION = YES;
				GCC_WARN_ABOUT_RETURN_TYPE = YES_ERROR;
				GCC_WARN_UNDECLARED_SELECTOR = YES;
				GCC_WARN_UNINITIALIZED_AUTOS = YES_AGGRESSIVE;
				GCC_WARN_UNUSED_FUNCTION = YES;
				GCC_WARN_UNUSED_VARIABLE = YES;
				IPHONEOS_DEPLOYMENT_TARGET = 15.4;
				MTL_ENABLE_DEBUG_INFO = INCLUDE_SOURCE;
				MTL_FAST_MATH = YES;
				ONLY_ACTIVE_ARCH = YES;
				SDKROOT = iphoneos;
				SWIFT_ACTIVE_COMPILATION_CONDITIONS = DEBUG;
				SWIFT_OPTIMIZATION_LEVEL = "-Onone";
			};
			name = Debug;
		};
		91C48C4A2919B71100FAA985 /* Release */ = {
			isa = XCBuildConfiguration;
			buildSettings = {
				ALWAYS_SEARCH_USER_PATHS = NO;
				CLANG_ANALYZER_NONNULL = YES;
				CLANG_ANALYZER_NUMBER_OBJECT_CONVERSION = YES_AGGRESSIVE;
				CLANG_CXX_LANGUAGE_STANDARD = "gnu++17";
				CLANG_ENABLE_MODULES = YES;
				CLANG_ENABLE_OBJC_ARC = YES;
				CLANG_ENABLE_OBJC_WEAK = YES;
				CLANG_WARN_BLOCK_CAPTURE_AUTORELEASING = YES;
				CLANG_WARN_BOOL_CONVERSION = YES;
				CLANG_WARN_COMMA = YES;
				CLANG_WARN_CONSTANT_CONVERSION = YES;
				CLANG_WARN_DEPRECATED_OBJC_IMPLEMENTATIONS = YES;
				CLANG_WARN_DIRECT_OBJC_ISA_USAGE = YES_ERROR;
				CLANG_WARN_DOCUMENTATION_COMMENTS = YES;
				CLANG_WARN_EMPTY_BODY = YES;
				CLANG_WARN_ENUM_CONVERSION = YES;
				CLANG_WARN_INFINITE_RECURSION = YES;
				CLANG_WARN_INT_CONVERSION = YES;
				CLANG_WARN_NON_LITERAL_NULL_CONVERSION = YES;
				CLANG_WARN_OBJC_IMPLICIT_RETAIN_SELF = YES;
				CLANG_WARN_OBJC_LITERAL_CONVERSION = YES;
				CLANG_WARN_OBJC_ROOT_CLASS = YES_ERROR;
				CLANG_WARN_QUOTED_INCLUDE_IN_FRAMEWORK_HEADER = YES;
				CLANG_WARN_RANGE_LOOP_ANALYSIS = YES;
				CLANG_WARN_STRICT_PROTOTYPES = YES;
				CLANG_WARN_SUSPICIOUS_MOVE = YES;
				CLANG_WARN_UNGUARDED_AVAILABILITY = YES_AGGRESSIVE;
				CLANG_WARN_UNREACHABLE_CODE = YES;
				CLANG_WARN__DUPLICATE_METHOD_MATCH = YES;
				COPY_PHASE_STRIP = NO;
				DEBUG_INFORMATION_FORMAT = "dwarf-with-dsym";
				ENABLE_NS_ASSERTIONS = NO;
				ENABLE_STRICT_OBJC_MSGSEND = YES;
				GCC_C_LANGUAGE_STANDARD = gnu11;
				GCC_NO_COMMON_BLOCKS = YES;
				GCC_WARN_64_TO_32_BIT_CONVERSION = YES;
				GCC_WARN_ABOUT_RETURN_TYPE = YES_ERROR;
				GCC_WARN_UNDECLARED_SELECTOR = YES;
				GCC_WARN_UNINITIALIZED_AUTOS = YES_AGGRESSIVE;
				GCC_WARN_UNUSED_FUNCTION = YES;
				GCC_WARN_UNUSED_VARIABLE = YES;
				IPHONEOS_DEPLOYMENT_TARGET = 15.4;
				MTL_ENABLE_DEBUG_INFO = NO;
				MTL_FAST_MATH = YES;
				SDKROOT = iphoneos;
				SWIFT_COMPILATION_MODE = wholemodule;
				SWIFT_OPTIMIZATION_LEVEL = "-O";
				VALIDATE_PRODUCT = YES;
			};
			name = Release;
		};
		91C48C4C2919B71100FAA985 /* Debug */ = {
			isa = XCBuildConfiguration;
			buildSettings = {
				ASSETCATALOG_COMPILER_APPICON_NAME = AppIcon;
				ASSETCATALOG_COMPILER_GLOBAL_ACCENT_COLOR_NAME = AccentColor;
				CODE_SIGN_STYLE = Automatic;
				CURRENT_PROJECT_VERSION = 1;
				DEVELOPMENT_ASSET_PATHS = "\"BestFriendClinic/Preview Content\"";
				DEVELOPMENT_TEAM = FTDDDQ8S77;
				ENABLE_PREVIEWS = YES;
				GENERATE_INFOPLIST_FILE = YES;
				INFOPLIST_KEY_UIApplicationSceneManifest_Generation = YES;
				INFOPLIST_KEY_UIApplicationSupportsIndirectInputEvents = YES;
				INFOPLIST_KEY_UILaunchScreen_Generation = YES;
				INFOPLIST_KEY_UISupportedInterfaceOrientations_iPad = "UIInterfaceOrientationPortrait UIInterfaceOrientationPortraitUpsideDown UIInterfaceOrientationLandscapeLeft UIInterfaceOrientationLandscapeRight";
				INFOPLIST_KEY_UISupportedInterfaceOrientations_iPhone = "UIInterfaceOrientationPortrait UIInterfaceOrientationLandscapeLeft UIInterfaceOrientationLandscapeRight";
				LD_RUNPATH_SEARCH_PATHS = (
					"$(inherited)",
					"@executable_path/Frameworks",
				);
				MARKETING_VERSION = 1.0;
				PRODUCT_BUNDLE_IDENTIFIER = aalexcampean.BestFriendClinic;
				PRODUCT_NAME = "$(TARGET_NAME)";
				SWIFT_EMIT_LOC_STRINGS = YES;
				SWIFT_VERSION = 5.0;
				TARGETED_DEVICE_FAMILY = "1,2";
			};
			name = Debug;
		};
		91C48C4D2919B71100FAA985 /* Release */ = {
			isa = XCBuildConfiguration;
			buildSettings = {
				ASSETCATALOG_COMPILER_APPICON_NAME = AppIcon;
				ASSETCATALOG_COMPILER_GLOBAL_ACCENT_COLOR_NAME = AccentColor;
				CODE_SIGN_STYLE = Automatic;
				CURRENT_PROJECT_VERSION = 1;
				DEVELOPMENT_ASSET_PATHS = "\"BestFriendClinic/Preview Content\"";
				DEVELOPMENT_TEAM = FTDDDQ8S77;
				ENABLE_PREVIEWS = YES;
				GENERATE_INFOPLIST_FILE = YES;
				INFOPLIST_KEY_UIApplicationSceneManifest_Generation = YES;
				INFOPLIST_KEY_UIApplicationSupportsIndirectInputEvents = YES;
				INFOPLIST_KEY_UILaunchScreen_Generation = YES;
				INFOPLIST_KEY_UISupportedInterfaceOrientations_iPad = "UIInterfaceOrientationPortrait UIInterfaceOrientationPortraitUpsideDown UIInterfaceOrientationLandscapeLeft UIInterfaceOrientationLandscapeRight";
				INFOPLIST_KEY_UISupportedInterfaceOrientations_iPhone = "UIInterfaceOrientationPortrait UIInterfaceOrientationLandscapeLeft UIInterfaceOrientationLandscapeRight";
				LD_RUNPATH_SEARCH_PATHS = (
					"$(inherited)",
					"@executable_path/Frameworks",
				);
				MARKETING_VERSION = 1.0;
				PRODUCT_BUNDLE_IDENTIFIER = aalexcampean.BestFriendClinic;
				PRODUCT_NAME = "$(TARGET_NAME)";
				SWIFT_EMIT_LOC_STRINGS = YES;
				SWIFT_VERSION = 5.0;
				TARGETED_DEVICE_FAMILY = "1,2";
			};
			name = Release;
		};
		91C48C4F2919B71100FAA985 /* Debug */ = {
			isa = XCBuildConfiguration;
			buildSettings = {
				ALWAYS_EMBED_SWIFT_STANDARD_LIBRARIES = YES;
				BUNDLE_LOADER = "$(TEST_HOST)";
				CODE_SIGN_STYLE = Automatic;
				CURRENT_PROJECT_VERSION = 1;
				GENERATE_INFOPLIST_FILE = YES;
				IPHONEOS_DEPLOYMENT_TARGET = 15.4;
				MARKETING_VERSION = 1.0;
				PRODUCT_BUNDLE_IDENTIFIER = aalexcampean.BestFriendClinicTests;
				PRODUCT_NAME = "$(TARGET_NAME)";
				SWIFT_EMIT_LOC_STRINGS = NO;
				SWIFT_VERSION = 5.0;
				TARGETED_DEVICE_FAMILY = "1,2";
				TEST_HOST = "$(BUILT_PRODUCTS_DIR)/BestFriendClinic.app/BestFriendClinic";
			};
			name = Debug;
		};
		91C48C502919B71100FAA985 /* Release */ = {
			isa = XCBuildConfiguration;
			buildSettings = {
				ALWAYS_EMBED_SWIFT_STANDARD_LIBRARIES = YES;
				BUNDLE_LOADER = "$(TEST_HOST)";
				CODE_SIGN_STYLE = Automatic;
				CURRENT_PROJECT_VERSION = 1;
				GENERATE_INFOPLIST_FILE = YES;
				IPHONEOS_DEPLOYMENT_TARGET = 15.4;
				MARKETING_VERSION = 1.0;
				PRODUCT_BUNDLE_IDENTIFIER = aalexcampean.BestFriendClinicTests;
				PRODUCT_NAME = "$(TARGET_NAME)";
				SWIFT_EMIT_LOC_STRINGS = NO;
				SWIFT_VERSION = 5.0;
				TARGETED_DEVICE_FAMILY = "1,2";
				TEST_HOST = "$(BUILT_PRODUCTS_DIR)/BestFriendClinic.app/BestFriendClinic";
			};
			name = Release;
		};
		91C48C522919B71100FAA985 /* Debug */ = {
			isa = XCBuildConfiguration;
			buildSettings = {
				ALWAYS_EMBED_SWIFT_STANDARD_LIBRARIES = YES;
				CODE_SIGN_STYLE = Automatic;
				CURRENT_PROJECT_VERSION = 1;
				GENERATE_INFOPLIST_FILE = YES;
				MARKETING_VERSION = 1.0;
				PRODUCT_BUNDLE_IDENTIFIER = aalexcampean.BestFriendClinicUITests;
				PRODUCT_NAME = "$(TARGET_NAME)";
				SWIFT_EMIT_LOC_STRINGS = NO;
				SWIFT_VERSION = 5.0;
				TARGETED_DEVICE_FAMILY = "1,2";
				TEST_TARGET_NAME = BestFriendClinic;
			};
			name = Debug;
		};
		91C48C532919B71100FAA985 /* Release */ = {
			isa = XCBuildConfiguration;
			buildSettings = {
				ALWAYS_EMBED_SWIFT_STANDARD_LIBRARIES = YES;
				CODE_SIGN_STYLE = Automatic;
				CURRENT_PROJECT_VERSION = 1;
				GENERATE_INFOPLIST_FILE = YES;
				MARKETING_VERSION = 1.0;
				PRODUCT_BUNDLE_IDENTIFIER = aalexcampean.BestFriendClinicUITests;
				PRODUCT_NAME = "$(TARGET_NAME)";
				SWIFT_EMIT_LOC_STRINGS = NO;
				SWIFT_VERSION = 5.0;
				TARGETED_DEVICE_FAMILY = "1,2";
				TEST_TARGET_NAME = BestFriendClinic;
			};
			name = Release;
		};
/* End XCBuildConfiguration section */

/* Begin XCConfigurationList section */
		91C48C222919B70F00FAA985 /* Build configuration list for PBXProject "BestFriendClinic" */ = {
			isa = XCConfigurationList;
			buildConfigurations = (
				91C48C492919B71100FAA985 /* Debug */,
				91C48C4A2919B71100FAA985 /* Release */,
			);
			defaultConfigurationIsVisible = 0;
			defaultConfigurationName = Release;
		};
		91C48C4B2919B71100FAA985 /* Build configuration list for PBXNativeTarget "BestFriendClinic" */ = {
			isa = XCConfigurationList;
			buildConfigurations = (
				91C48C4C2919B71100FAA985 /* Debug */,
				91C48C4D2919B71100FAA985 /* Release */,
			);
			defaultConfigurationIsVisible = 0;
			defaultConfigurationName = Release;
		};
		91C48C4E2919B71100FAA985 /* Build configuration list for PBXNativeTarget "BestFriendClinicTests" */ = {
			isa = XCConfigurationList;
			buildConfigurations = (
				91C48C4F2919B71100FAA985 /* Debug */,
				91C48C502919B71100FAA985 /* Release */,
			);
			defaultConfigurationIsVisible = 0;
			defaultConfigurationName = Release;
		};
		91C48C512919B71100FAA985 /* Build configuration list for PBXNativeTarget "BestFriendClinicUITests" */ = {
			isa = XCConfigurationList;
			buildConfigurations = (
				91C48C522919B71100FAA985 /* Debug */,
				91C48C532919B71100FAA985 /* Release */,
			);
			defaultConfigurationIsVisible = 0;
			defaultConfigurationName = Release;
		};
/* End XCConfigurationList section */
	};
	rootObject = 91C48C1F2919B70F00FAA985 /* Project object */;
}
